
Microsoft Visual Studio Solution File, Format Version 12.00
# Visual Studio Version 16
VisualStudioVersion = 16.0.28729.10
MinimumVisualStudioVersion = 10.0.40219.1
Project("{9A19103F-16F7-4668-BE54-9A1E7A4F7556}") = "MarsRover", "MarsRover\MarsRover.csproj", "{770FA87B-9B23-40BD-B570-1FC2DAEE3337}"
EndProject
Project("{2150E333-8FDC-42A3-9474-1A3956D46DE8}") = "Solution Items", "Solution Items", "{FF6DC3B2-2D41-48F6-8179-5AE748602056}"
	ProjectSection(SolutionItems) = preProject
		mars-rover.md = mars-rover.md
	EndProjectSection
EndProject
Project("{FAE04EC0-301F-11D3-BF4B-00C04F79EFBC}") = "MarsRover.UnitTests", "MarsRover.UnitTests\MarsRover.UnitTests.csproj", "{33679F88-E1B5-42ED-A43D-B805619BCC56}"
EndProject
Global
	GlobalSection(SolutionConfigurationPlatforms) = preSolution
		Debug|Any CPU = Debug|Any CPU
		Release|Any CPU = Release|Any CPU
	EndGlobalSection
	GlobalSection(ProjectConfigurationPlatforms) = postSolution
		{770FA87B-9B23-40BD-B570-1FC2DAEE3337}.Debug|Any CPU.ActiveCfg = Debug|Any CPU
		{770FA87B-9B23-40BD-B570-1FC2DAEE3337}.Debug|Any CPU.Build.0 = Debug|Any CPU
		{770FA87B-9B23-40BD-B570-1FC2DAEE3337}.Release|Any CPU.ActiveCfg = Release|Any CPU
		{770FA87B-9B23-40BD-B570-1FC2DAEE3337}.Release|Any CPU.Build.0 = Release|Any CPU
		{33679F88-E1B5-42ED-A43D-B805619BCC56}.Debug|Any CPU.ActiveCfg = Debug|Any CPU
		{33679F88-E1B5-42ED-A43D-B805619BCC56}.Debug|Any CPU.Build.0 = Debug|Any CPU
		{33679F88-E1B5-42ED-A43D-B805619BCC56}.Release|Any CPU.ActiveCfg = Release|Any CPU
		{33679F88-E1B5-42ED-A43D-B805619BCC56}.Release|Any CPU.Build.0 = Release|Any CPU
	EndGlobalSection
	GlobalSection(SolutionProperties) = preSolution
		HideSolutionNode = FALSE
	EndGlobalSection
	GlobalSection(ExtensibilityGlobals) = postSolution
		SolutionGuid = {FD1445F6-F413-4FF9-B878-686EBA2A98CF}
	EndGlobalSection
EndGlobal
